
Microsoft Visual Studio Solution File, Format Version 12.00
# Visual Studio Version 17
VisualStudioVersion = 17.13.35931.197 d17.13
MinimumVisualStudioVersion = 10.0.40219.1
Project("{FAE04EC0-301F-11D3-BF4B-00C04F79EFBC}") = "CodingForFun", "CodingForFun\CodingForFun.csproj", "{6B892696-B191-42DD-8BA9-EC819A3B9FEC}"
EndProject
Global
	GlobalSection(SolutionConfigurationPlatforms) = preSolution
		Debug|Any CPU = Debug|Any CPU
		Release|Any CPU = Release|Any CPU
	EndGlobalSection
	GlobalSection(ProjectConfigurationPlatforms) = postSolution
		{6B892696-B191-42DD-8BA9-EC819A3B9FEC}.Debug|Any CPU.ActiveCfg = Debug|Any CPU
		{6B892696-B191-42DD-8BA9-EC819A3B9FEC}.Debug|Any CPU.Build.0 = Debug|Any CPU
		{6B892696-B191-42DD-8BA9-EC819A3B9FEC}.Release|Any CPU.ActiveCfg = Release|Any CPU
		{6B892696-B191-42DD-8BA9-EC819A3B9FEC}.Release|Any CPU.Build.0 = Release|Any CPU
	EndGlobalSection
	GlobalSection(SolutionProperties) = preSolution
		HideSolutionNode = FALSE
	EndGlobalSection
	GlobalSection(ExtensibilityGlobals) = postSolution
		SolutionGuid = {77819B1B-5AFB-4D50-8FF9-F2BEECFF7653}
	EndGlobalSection
EndGlobal
